// !$*UTF8*$!
{
	archiveVersion = 1;
	classes = {
	};
	objectVersion = 55;
	objects = {

/* Begin PBXBuildFile section */
		4AE63BB027AA8C910015A188 /* AppDelegate.swift in Sources */ = {isa = PBXBuildFile; fileRef = 4AE63BAF27AA8C910015A188 /* AppDelegate.swift */; };
		4AE63BB227AA8C910015A188 /* SceneDelegate.swift in Sources */ = {isa = PBXBuildFile; fileRef = 4AE63BB127AA8C910015A188 /* SceneDelegate.swift */; };
		4AE63BB727AA8C910015A188 /* Main.storyboard in Resources */ = {isa = PBXBuildFile; fileRef = 4AE63BB527AA8C910015A188 /* Main.storyboard */; };
		4AE63BBA27AA8C910015A188 /* Notes_IOS.xcdatamodeld in Sources */ = {isa = PBXBuildFile; fileRef = 4AE63BB827AA8C910015A188 /* Notes_IOS.xcdatamodeld */; };
		4AE63BBC27AA8C920015A188 /* Assets.xcassets in Resources */ = {isa = PBXBuildFile; fileRef = 4AE63BBB27AA8C920015A188 /* Assets.xcassets */; };
		4AE63BBF27AA8C920015A188 /* LaunchScreen.storyboard in Resources */ = {isa = PBXBuildFile; fileRef = 4AE63BBD27AA8C920015A188 /* LaunchScreen.storyboard */; };
		4AE63BC727AA8D090015A188 /* NotesTableViewController.swift in Sources */ = {isa = PBXBuildFile; fileRef = 4AE63BC627AA8D090015A188 /* NotesTableViewController.swift */; };
		4AE63BC927AA9A350015A188 /* AddNoteViewController.swift in Sources */ = {isa = PBXBuildFile; fileRef = 4AE63BC827AA9A350015A188 /* AddNoteViewController.swift */; };
		4AE63BCB27AA9A600015A188 /* ReadNoteViewController.swift in Sources */ = {isa = PBXBuildFile; fileRef = 4AE63BCA27AA9A600015A188 /* ReadNoteViewController.swift */; };
/* End PBXBuildFile section */

/* Begin PBXFileReference section */
		4AE63BAC27AA8C910015A188 /* Notes_IOS.app */ = {isa = PBXFileReference; explicitFileType = wrapper.application; includeInIndex = 0; path = Notes_IOS.app; sourceTree = BUILT_PRODUCTS_DIR; };
		4AE63BAF27AA8C910015A188 /* AppDelegate.swift */ = {isa = PBXFileReference; lastKnownFileType = sourcecode.swift; path = AppDelegate.swift; sourceTree = "<group>"; };
		4AE63BB127AA8C910015A188 /* SceneDelegate.swift */ = {isa = PBXFileReference; lastKnownFileType = sourcecode.swift; path = SceneDelegate.swift; sourceTree = "<group>"; };
		4AE63BB627AA8C910015A188 /* Base */ = {isa = PBXFileReference; lastKnownFileType = file.storyboard; name = Base; path = Base.lproj/Main.storyboard; sourceTree = "<group>"; };
		4AE63BB927AA8C910015A188 /* Notes_IOS.xcdatamodel */ = {isa = PBXFileReference; lastKnownFileType = wrapper.xcdatamodel; path = Notes_IOS.xcdatamodel; sourceTree = "<group>"; };
		4AE63BBB27AA8C920015A188 /* Assets.xcassets */ = {isa = PBXFileReference; lastKnownFileType = folder.assetcatalog; path = Assets.xcassets; sourceTree = "<group>"; };
		4AE63BBE27AA8C920015A188 /* Base */ = {isa = PBXFileReference; lastKnownFileType = file.storyboard; name = Base; path = Base.lproj/LaunchScreen.storyboard; sourceTree = "<group>"; };
		4AE63BC027AA8C920015A188 /* Info.plist */ = {isa = PBXFileReference; lastKnownFileType = text.plist.xml; path = Info.plist; sourceTree = "<group>"; };
		4AE63BC627AA8D090015A188 /* NotesTableViewController.swift */ = {isa = PBXFileReference; lastKnownFileType = sourcecode.swift; path = NotesTableViewController.swift; sourceTree = "<group>"; };
		4AE63BC827AA9A350015A188 /* AddNoteViewController.swift */ = {isa = PBXFileReference; lastKnownFileType = sourcecode.swift; path = AddNoteViewController.swift; sourceTree = "<group>"; };
		4AE63BCA27AA9A600015A188 /* ReadNoteViewController.swift */ = {isa = PBXFileReference; lastKnownFileType = sourcecode.swift; path = ReadNoteViewController.swift; sourceTree = "<group>"; };
/* End PBXFileReference section */

/* Begin PBXFrameworksBuildPhase section */
		4AE63BA927AA8C910015A188 /* Frameworks */ = {
			isa = PBXFrameworksBuildPhase;
			buildActionMask = 2147483647;
			files = (
			);
			runOnlyForDeploymentPostprocessing = 0;
		};
/* End PBXFrameworksBuildPhase section */

/* Begin PBXGroup section */
		4AE63BA327AA8C910015A188 = {
			isa = PBXGroup;
			children = (
				4AE63BAE27AA8C910015A188 /* Notes_IOS */,
				4AE63BAD27AA8C910015A188 /* Products */,
			);
			sourceTree = "<group>";
		};
		4AE63BAD27AA8C910015A188 /* Products */ = {
			isa = PBXGroup;
			children = (
				4AE63BAC27AA8C910015A188 /* Notes_IOS.app */,
			);
			name = Products;
			sourceTree = "<group>";
		};
		4AE63BAE27AA8C910015A188 /* Notes_IOS */ = {
			isa = PBXGroup;
			children = (
				4AE63BAF27AA8C910015A188 /* AppDelegate.swift */,
				4AE63BB127AA8C910015A188 /* SceneDelegate.swift */,
				4AE63BB527AA8C910015A188 /* Main.storyboard */,
				4AE63BC627AA8D090015A188 /* NotesTableViewController.swift */,
				4AE63BC827AA9A350015A188 /* AddNoteViewController.swift */,
				4AE63BCA27AA9A600015A188 /* ReadNoteViewController.swift */,
				4AE63BBB27AA8C920015A188 /* Assets.xcassets */,
				4AE63BBD27AA8C920015A188 /* LaunchScreen.storyboard */,
				4AE63BC027AA8C920015A188 /* Info.plist */,
				4AE63BB827AA8C910015A188 /* Notes_IOS.xcdatamodeld */,
			);
			path = Notes_IOS;
			sourceTree = "<group>";
		};
/* End PBXGroup section */

/* Begin PBXNativeTarget section */
		4AE63BAB27AA8C910015A188 /* Notes_IOS */ = {
			isa = PBXNativeTarget;
			buildConfigurationList = 4AE63BC327AA8C920015A188 /* Build configuration list for PBXNativeTarget "Notes_IOS" */;
			buildPhases = (
				4AE63BA827AA8C910015A188 /* Sources */,
				4AE63BA927AA8C910015A188 /* Frameworks */,
				4AE63BAA27AA8C910015A188 /* Resources */,
			);
			buildRules = (
			);
			dependencies = (
			);
			name = Notes_IOS;
			productName = Notes_IOS;
			productReference = 4AE63BAC27AA8C910015A188 /* Notes_IOS.app */;
			productType = "com.apple.product-type.application";
		};
/* End PBXNativeTarget section */

/* Begin PBXProject section */
		4AE63BA427AA8C910015A188 /* Project object */ = {
			isa = PBXProject;
			attributes = {
				BuildIndependentTargetsInParallel = 1;
				LastSwiftUpdateCheck = 1320;
				LastUpgradeCheck = 1320;
				TargetAttributes = {
					4AE63BAB27AA8C910015A188 = {
						CreatedOnToolsVersion = 13.2.1;
					};
				};
			};
			buildConfigurationList = 4AE63BA727AA8C910015A188 /* Build configuration list for PBXProject "Notes_IOS" */;
			compatibilityVersion = "Xcode 13.0";
			developmentRegion = en;
			hasScannedForEncodings = 0;
			knownRegions = (
				en,
				Base,
			);
			mainGroup = 4AE63BA327AA8C910015A188;
			productRefGroup = 4AE63BAD27AA8C910015A188 /* Products */;
			projectDirPath = "";
			projectRoot = "";
			targets = (
				4AE63BAB27AA8C910015A188 /* Notes_IOS */,
			);
		};
/* End PBXProject section */

/* Begin PBXResourcesBuildPhase section */
		4AE63BAA27AA8C910015A188 /* Resources */ = {
			isa = PBXResourcesBuildPhase;
			buildActionMask = 2147483647;
			files = (
				4AE63BBF27AA8C920015A188 /* LaunchScreen.storyboard in Resources */,
				4AE63BBC27AA8C920015A188 /* Assets.xcassets in Resources */,
				4AE63BB727AA8C910015A188 /* Main.storyboard in Resources */,
			);
			runOnlyForDeploymentPostprocessing = 0;
		};
/* End PBXResourcesBuildPhase section */

/* Begin PBXSourcesBuildPhase section */
		4AE63BA827AA8C910015A188 /* Sources */ = {
			isa = PBXSourcesBuildPhase;
			buildActionMask = 2147483647;
			files = (
				4AE63BCB27AA9A600015A188 /* ReadNoteViewController.swift in Sources */,
				4AE63BBA27AA8C910015A188 /* Notes_IOS.xcdatamodeld in Sources */,
				4AE63BC727AA8D090015A188 /* NotesTableViewController.swift in Sources */,
				4AE63BB027AA8C910015A188 /* AppDelegate.swift in Sources */,
				4AE63BC927AA9A350015A188 /* AddNoteViewController.swift in Sources */,
				4AE63BB227AA8C910015A188 /* SceneDelegate.swift in Sources */,
			);
			runOnlyForDeploymentPostprocessing = 0;
		};
/* End PBXSourcesBuildPhase section */

/* Begin PBXVariantGroup section */
		4AE63BB527AA8C910015A188 /* Main.storyboard */ = {
			isa = PBXVariantGroup;
			children = (
				4AE63BB627AA8C910015A188 /* Base */,
			);
			name = Main.storyboard;
			sourceTree = "<group>";
		};
		4AE63BBD27AA8C920015A188 /* LaunchScreen.storyboard */ = {
			isa = PBXVariantGroup;
			children = (
				4AE63BBE27AA8C920015A188 /* Base */,
			);
			name = LaunchScreen.storyboard;
			sourceTree = "<group>";
		};
/* End PBXVariantGroup section */

/* Begin XCBuildConfiguration section */
		4AE63BC127AA8C920015A188 /* Debug */ = {
			isa = XCBuildConfiguration;
			buildSettings = {
				ALWAYS_SEARCH_USER_PATHS = NO;
				CLANG_ANALYZER_NONNULL = YES;
				CLANG_ANALYZER_NUMBER_OBJECT_CONVERSION = YES_AGGRESSIVE;
				CLANG_CXX_LANGUAGE_STANDARD = "gnu++17";
				CLANG_CXX_LIBRARY = "libc++";
				CLANG_ENABLE_MODULES = YES;
				CLANG_ENABLE_OBJC_ARC = YES;
				CLANG_ENABLE_OBJC_WEAK = YES;
				CLANG_WARN_BLOCK_CAPTURE_AUTORELEASING = YES;
				CLANG_WARN_BOOL_CONVERSION = YES;
				CLANG_WARN_COMMA = YES;
				CLANG_WARN_CONSTANT_CONVERSION = YES;
				CLANG_WARN_DEPRECATED_OBJC_IMPLEMENTATIONS = YES;
				CLANG_WARN_DIRECT_OBJC_ISA_USAGE = YES_ERROR;
				CLANG_WARN_DOCUMENTATION_COMMENTS = YES;
				CLANG_WARN_EMPTY_BODY = YES;
				CLANG_WARN_ENUM_CONVERSION = YES;
				CLANG_WARN_INFINITE_RECURSION = YES;
				CLANG_WARN_INT_CONVERSION = YES;
				CLANG_WARN_NON_LITERAL_NULL_CONVERSION = YES;
				CLANG_WARN_OBJC_IMPLICIT_RETAIN_SELF = YES;
				CLANG_WARN_OBJC_LITERAL_CONVERSION = YES;
				CLANG_WARN_OBJC_ROOT_CLASS = YES_ERROR;
				CLANG_WARN_QUOTED_INCLUDE_IN_FRAMEWORK_HEADER = YES;
				CLANG_WARN_RANGE_LOOP_ANALYSIS = YES;
				CLANG_WARN_STRICT_PROTOTYPES = YES;
				CLANG_WARN_SUSPICIOUS_MOVE = YES;
				CLANG_WARN_UNGUARDED_AVAILABILITY = YES_AGGRESSIVE;
				CLANG_WARN_UNREACHABLE_CODE = YES;
				CLANG_WARN__DUPLICATE_METHOD_MATCH = YES;
				COPY_PHASE_STRIP = NO;
				DEBUG_INFORMATION_FORMAT = dwarf;
				ENABLE_STRICT_OBJC_MSGSEND = YES;
				ENABLE_TESTABILITY = YES;
				GCC_C_LANGUAGE_STANDARD = gnu11;
				GCC_DYNAMIC_NO_PIC = NO;
				GCC_NO_COMMON_BLOCKS = YES;
				GCC_OPTIMIZATION_LEVEL = 0;
				GCC_PREPROCESSOR_DEFINITIONS = (
					"DEBUG=1",
					"$(inherited)",
				);
				GCC_WARN_64_TO_32_BIT_CONVERSION = YES;
				GCC_WARN_ABOUT_RETURN_TYPE = YES_ERROR;
				GCC_WARN_UNDECLARED_SELECTOR = YES;
				GCC_WARN_UNINITIALIZED_AUTOS = YES_AGGRESSIVE;
				GCC_WARN_UNUSED_FUNCTION = YES;
				GCC_WARN_UNUSED_VARIABLE = YES;
				IPHONEOS_DEPLOYMENT_TARGET = 15.2;
				MTL_ENABLE_DEBUG_INFO = INCLUDE_SOURCE;
				MTL_FAST_MATH = YES;
				ONLY_ACTIVE_ARCH = YES;
				SDKROOT = iphoneos;
				SWIFT_ACTIVE_COMPILATION_CONDITIONS = DEBUG;
				SWIFT_OPTIMIZATION_LEVEL = "-Onone";
			};
			name = Debug;
		};
		4AE63BC227AA8C920015A188 /* Release */ = {
			isa = XCBuildConfiguration;
			buildSettings = {
				ALWAYS_SEARCH_USER_PATHS = NO;
				CLANG_ANALYZER_NONNULL = YES;
				CLANG_ANALYZER_NUMBER_OBJECT_CONVERSION = YES_AGGRESSIVE;
				CLANG_CXX_LANGUAGE_STANDARD = "gnu++17";
				CLANG_CXX_LIBRARY = "libc++";
				CLANG_ENABLE_MODULES = YES;
				CLANG_ENABLE_OBJC_ARC = YES;
				CLANG_ENABLE_OBJC_WEAK = YES;
				CLANG_WARN_BLOCK_CAPTURE_AUTORELEASING = YES;
				CLANG_WARN_BOOL_CONVERSION = YES;
				CLANG_WARN_COMMA = YES;
				CLANG_WARN_CONSTANT_CONVERSION = YES;
				CLANG_WARN_DEPRECATED_OBJC_IMPLEMENTATIONS = YES;
				CLANG_WARN_DIRECT_OBJC_ISA_USAGE = YES_ERROR;
				CLANG_WARN_DOCUMENTATION_COMMENTS = YES;
				CLANG_WARN_EMPTY_BODY = YES;
				CLANG_WARN_ENUM_CONVERSION = YES;
				CLANG_WARN_INFINITE_RECURSION = YES;
				CLANG_WARN_INT_CONVERSION = YES;
				CLANG_WARN_NON_LITERAL_NULL_CONVERSION = YES;
				CLANG_WARN_OBJC_IMPLICIT_RETAIN_SELF = YES;
				CLANG_WARN_OBJC_LITERAL_CONVERSION = YES;
				CLANG_WARN_OBJC_ROOT_CLASS = YES_ERROR;
				CLANG_WARN_QUOTED_INCLUDE_IN_FRAMEWORK_HEADER = YES;
				CLANG_WARN_RANGE_LOOP_ANALYSIS = YES;
				CLANG_WARN_STRICT_PROTOTYPES = YES;
				CLANG_WARN_SUSPICIOUS_MOVE = YES;
				CLANG_WARN_UNGUARDED_AVAILABILITY = YES_AGGRESSIVE;
				CLANG_WARN_UNREACHABLE_CODE = YES;
				CLANG_WARN__DUPLICATE_METHOD_MATCH = YES;
				COPY_PHASE_STRIP = NO;
				DEBUG_INFORMATION_FORMAT = "dwarf-with-dsym";
				ENABLE_NS_ASSERTIONS = NO;
				ENABLE_STRICT_OBJC_MSGSEND = YES;
				GCC_C_LANGUAGE_STANDARD = gnu11;
				GCC_NO_COMMON_BLOCKS = YES;
				GCC_WARN_64_TO_32_BIT_CONVERSION = YES;
				GCC_WARN_ABOUT_RETURN_TYPE = YES_ERROR;
				GCC_WARN_UNDECLARED_SELECTOR = YES;
				GCC_WARN_UNINITIALIZED_AUTOS = YES_AGGRESSIVE;
				GCC_WARN_UNUSED_FUNCTION = YES;
				GCC_WARN_UNUSED_VARIABLE = YES;
				IPHONEOS_DEPLOYMENT_TARGET = 15.2;
				MTL_ENABLE_DEBUG_INFO = NO;
				MTL_FAST_MATH = YES;
				SDKROOT = iphoneos;
				SWIFT_COMPILATION_MODE = wholemodule;
				SWIFT_OPTIMIZATION_LEVEL = "-O";
				VALIDATE_PRODUCT = YES;
			};
			name = Release;
		};
		4AE63BC427AA8C920015A188 /* Debug */ = {
			isa = XCBuildConfiguration;
			buildSettings = {
				ASSETCATALOG_COMPILER_APPICON_NAME = AppIcon;
				ASSETCATALOG_COMPILER_GLOBAL_ACCENT_COLOR_NAME = AccentColor;
				CODE_SIGN_STYLE = Automatic;
				CURRENT_PROJECT_VERSION = 1;
				GENERATE_INFOPLIST_FILE = YES;
				INFOPLIST_FILE = Notes_IOS/Info.plist;
				INFOPLIST_KEY_UIApplicationSupportsIndirectInputEvents = YES;
				INFOPLIST_KEY_UILaunchStoryboardName = LaunchScreen;
				INFOPLIST_KEY_UIMainStoryboardFile = Main;
				INFOPLIST_KEY_UISupportedInterfaceOrientations_iPad = "UIInterfaceOrientationPortrait UIInterfaceOrientationPortraitUpsideDown UIInterfaceOrientationLandscapeLeft UIInterfaceOrientationLandscapeRight";
				INFOPLIST_KEY_UISupportedInterfaceOrientations_iPhone = "UIInterfaceOrientationPortrait UIInterfaceOrientationLandscapeLeft UIInterfaceOrientationLandscapeRight";
				IPHONEOS_DEPLOYMENT_TARGET = 14.0;
				LD_RUNPATH_SEARCH_PATHS = (
					"$(inherited)",
					"@executable_path/Frameworks",
				);
				MARKETING_VERSION = 1.0;
				PRODUCT_BUNDLE_IDENTIFIER = "com.astral.Notes-IOS";
				PRODUCT_NAME = "$(TARGET_NAME)";
				SWIFT_EMIT_LOC_STRINGS = YES;
				SWIFT_VERSION = 5.0;
				TARGETED_DEVICE_FAMILY = 1;
			};
			name = Debug;
		};
		4AE63BC527AA8C920015A188 /* Release */ = {
			isa = XCBuildConfiguration;
			buildSettings = {
				ASSETCATALOG_COMPILER_APPICON_NAME = AppIcon;
				ASSETCATALOG_COMPILER_GLOBAL_ACCENT_COLOR_NAME = AccentColor;
				CODE_SIGN_STYLE = Automatic;
				CURRENT_PROJECT_VERSION = 1;
				GENERATE_INFOPLIST_FILE = YES;
				INFOPLIST_FILE = Notes_IOS/Info.plist;
				INFOPLIST_KEY_UIApplicationSupportsIndirectInputEvents = YES;
				INFOPLIST_KEY_UILaunchStoryboardName = LaunchScreen;
				INFOPLIST_KEY_UIMainStoryboardFile = Main;
				INFOPLIST_KEY_UISupportedInterfaceOrientations_iPad = "UIInterfaceOrientationPortrait UIInterfaceOrientationPortraitUpsideDown UIInterfaceOrientationLandscapeLeft UIInterfaceOrientationLandscapeRight";
				INFOPLIST_KEY_UISupportedInterfaceOrientations_iPhone = "UIInterfaceOrientationPortrait UIInterfaceOrientationLandscapeLeft UIInterfaceOrientationLandscapeRight";
				IPHONEOS_DEPLOYMENT_TARGET = 14.0;
				LD_RUNPATH_SEARCH_PATHS = (
					"$(inherited)",
					"@executable_path/Frameworks",
				);
				MARKETING_VERSION = 1.0;
				PRODUCT_BUNDLE_IDENTIFIER = "com.astral.Notes-IOS";
				PRODUCT_NAME = "$(TARGET_NAME)";
				SWIFT_EMIT_LOC_STRINGS = YES;
				SWIFT_VERSION = 5.0;
				TARGETED_DEVICE_FAMILY = 1;
			};
			name = Release;
		};
/* End XCBuildConfiguration section */

/* Begin XCConfigurationList section */
		4AE63BA727AA8C910015A188 /* Build configuration list for PBXProject "Notes_IOS" */ = {
			isa = XCConfigurationList;
			buildConfigurations = (
				4AE63BC127AA8C920015A188 /* Debug */,
				4AE63BC227AA8C920015A188 /* Release */,
			);
			defaultConfigurationIsVisible = 0;
			defaultConfigurationName = Release;
		};
		4AE63BC327AA8C920015A188 /* Build configuration list for PBXNativeTarget "Notes_IOS" */ = {
			isa = XCConfigurationList;
			buildConfigurations = (
				4AE63BC427AA8C920015A188 /* Debug */,
				4AE63BC527AA8C920015A188 /* Release */,
			);
			defaultConfigurationIsVisible = 0;
			defaultConfigurationName = Release;
		};
/* End XCConfigurationList section */

/* Begin XCVersionGroup section */
		4AE63BB827AA8C910015A188 /* Notes_IOS.xcdatamodeld */ = {
			isa = XCVersionGroup;
			children = (
				4AE63BB927AA8C910015A188 /* Notes_IOS.xcdatamodel */,
			);
			currentVersion = 4AE63BB927AA8C910015A188 /* Notes_IOS.xcdatamodel */;
			path = Notes_IOS.xcdatamodeld;
			sourceTree = "<group>";
			versionGroupType = wrapper.xcdatamodel;
		};
/* End XCVersionGroup section */
	};
	rootObject = 4AE63BA427AA8C910015A188 /* Project object */;
}
